
Microsoft Visual Studio Solution File, Format Version 11.00
# Visual Studio 2010
Project("{FAE04EC0-301F-11D3-BF4B-00C04F79EFBC}") = "Assembly-CSharp", "Assembly-CSharp.csproj", "{8FD5F30A-7BD2-4247-1CC8-AF0FE9F93F80}"
EndProject
Project("{FAE04EC0-301F-11D3-BF4B-00C04F79EFBC}") = "Assembly-CSharp-Editor-firstpass", "Assembly-CSharp-Editor-firstpass.csproj", "{E7B795B7-7944-0399-1D88-356337C12BAD}"
EndProject
Project("{FAE04EC0-301F-11D3-BF4B-00C04F79EFBC}") = "Assembly-CSharp-Editor", "Assembly-CSharp-Editor.csproj", "{A6E2B43E-5E02-F6F2-8A31-EC1D4A94E3C0}"
EndProject
Global
	GlobalSection(SolutionConfigurationPlatforms) = preSolution
		Debug|Any CPU = Debug|Any CPU
		Release|Any CPU = Release|Any CPU
	EndGlobalSection
	GlobalSection(ProjectConfigurationPlatforms) = postSolution
		{8FD5F30A-7BD2-4247-1CC8-AF0FE9F93F80}.Debug|Any CPU.ActiveCfg = Debug|Any CPU
		{8FD5F30A-7BD2-4247-1CC8-AF0FE9F93F80}.Debug|Any CPU.Build.0 = Debug|Any CPU
		{8FD5F30A-7BD2-4247-1CC8-AF0FE9F93F80}.Release|Any CPU.ActiveCfg = Release|Any CPU
		{8FD5F30A-7BD2-4247-1CC8-AF0FE9F93F80}.Release|Any CPU.Build.0 = Release|Any CPU
		{E7B795B7-7944-0399-1D88-356337C12BAD}.Debug|Any CPU.ActiveCfg = Debug|Any CPU
		{E7B795B7-7944-0399-1D88-356337C12BAD}.Debug|Any CPU.Build.0 = Debug|Any CPU
		{E7B795B7-7944-0399-1D88-356337C12BAD}.Release|Any CPU.ActiveCfg = Release|Any CPU
		{E7B795B7-7944-0399-1D88-356337C12BAD}.Release|Any CPU.Build.0 = Release|Any CPU
		{A6E2B43E-5E02-F6F2-8A31-EC1D4A94E3C0}.Debug|Any CPU.ActiveCfg = Debug|Any CPU
		{A6E2B43E-5E02-F6F2-8A31-EC1D4A94E3C0}.Debug|Any CPU.Build.0 = Debug|Any CPU
		{A6E2B43E-5E02-F6F2-8A31-EC1D4A94E3C0}.Release|Any CPU.ActiveCfg = Release|Any CPU
		{A6E2B43E-5E02-F6F2-8A31-EC1D4A94E3C0}.Release|Any CPU.Build.0 = Release|Any CPU
	EndGlobalSection
	GlobalSection(SolutionProperties) = preSolution
		HideSolutionNode = FALSE
	EndGlobalSection
EndGlobal
